<?xml version="1.0" encoding="utf-8"?>
<Project ToolsVersion="4.0" xmlns="http://schemas.microsoft.com/developer/msbuild/2003">
  <ItemGroup>
    <Filter Include="Source Files">
      <UniqueIdentifier>{4FC737F1-C7A5-4376-A066-2A32D752A2FF}</UniqueIdentifier>
      <Extensions>cpp;c;cc;cxx;c++;cppm;ixx;def;odl;idl;hpj;bat;asm;asmx</Extensions>
    </Filter>
    <Filter Include="Header Files">
      <UniqueIdentifier>{93995380-89BD-4b04-88EB-625FBE52EBFB}</UniqueIdentifier>
      <Extensions>h;hh;hpp;hxx;h++;hm;inl;inc;ipp;xsd</Extensions>
    </Filter>
    <Filter Include="Resource Files">
      <UniqueIdentifier>{67DA6AB6-F800-4c08-8B7A-83BB121AAD01}</UniqueIdentifier>
      <Extensions>rc;ico;cur;bmp;dlg;rc2;rct;bin;rgs;gif;jpg;jpeg;jpe;resx;tiff;tif;png;wav;mfcribbon-ms</Extensions>
    </Filter>
    <Filter Include="Source Files\Internal">
      <UniqueIdentifier>{f47ea8d2-471b-4abf-a069-582f8e864efb}</UniqueIdentifier>
    </Filter>
    <Filter Include="Source Files\Internal\Sound">
      <UniqueIdentifier>{c88eed4f-0b3d-418e-bc70-c87d50ddd061}</UniqueIdentifier>
    </Filter>
    <Filter Include="Source Files\Internal\Visuals">
      <UniqueIdentifier>{89c5342a-91cc-4b92-8d56-6369837763b6}</UniqueIdentifier>
    </Filter>
    <Filter Include="Source Files\Internal\Utils">
      <UniqueIdentifier>{2cf832ce-6416-44df-9d83-6928db92333c}</UniqueIdentifier>
    </Filter>
    <Filter Include="Source Files\Effects">
      <UniqueIdentifier>{93197dd1-6980-4608-94a3-1d75081699e2}</UniqueIdentifier>
    </Filter>
    <Filter Include="Source Files\Internal\3rd party wrappers">
      <UniqueIdentifier>{5eb7ff40-2cdb-4101-bad7-9279af0b6cd4}</UniqueIdentifier>
    </Filter>
  </ItemGroup>
  <ItemGroup>
    <ClCompile Include="..\..\..\src\main.cpp">
      <Filter>Source Files</Filter>
    </ClCompile>
    <ClCompile Include="..\..\..\src\definitions.ixx">
      <Filter>Source Files\Internal\Utils</Filter>
    </ClCompile>
    <ClCompile Include="..\..\..\src\program.ixx">
      <Filter>Source Files\Internal\Utils</Filter>
    </ClCompile>
    <ClCompile Include="..\..\..\src\timer.ixx">
      <Filter>Source Files\Internal\Utils</Filter>
    </ClCompile>
    <ClCompile Include="..\..\..\src\render.ixx">
      <Filter>Source Files\Internal\Visuals</Filter>
    </ClCompile>
    <ClCompile Include="..\..\..\src\sound.ixx">
      <Filter>Source Files\Internal\Sound</Filter>
    </ClCompile>
    <ClCompile Include="..\..\..\src\injection.ixx">
      <Filter>Source Files\Internal\Utils</Filter>
    </ClCompile>
    <ClCompile Include="..\..\..\src\interfaces.ixx">
      <Filter>Source Files\Internal\Utils</Filter>
    </ClCompile>
    <ClCompile Include="..\..\..\src\demo.ixx">
      <Filter>Source Files</Filter>
    </ClCompile>
    <ClCompile Include="..\..\..\src\effects\Fire.cpp">
      <Filter>Source Files\Effects</Filter>
    </ClCompile>
    <ClCompile Include="..\..\..\src\effects\Effect.cpp">
      <Filter>Source Files\Effects</Filter>
    </ClCompile>
    <ClCompile Include="..\..\..\src\effects\Plasma.cpp">
      <Filter>Source Files\Effects</Filter>
    </ClCompile>
    <ClCompile Include="..\..\..\src\effects\Stars.cpp">
      <Filter>Source Files\Effects</Filter>
    </ClCompile>
    <ClCompile Include="..\..\..\src\effects.ixx">
      <Filter>Source Files\Internal\Visuals</Filter>
    </ClCompile>
    <ClCompile Include="..\..\..\src\sdl.ixx">
      <Filter>Source Files\Internal\3rd party wrappers</Filter>
    </ClCompile>
    <ClCompile Include="..\..\..\src\input.ixx">
      <Filter>Source Files\Internal\Utils</Filter>
    </ClCompile>
    <ClCompile Include="..\..\..\src\effects\Gradient.cpp">
      <Filter>Source Files\Effects</Filter>
    </ClCompile>
    <ClCompile Include="..\..\..\src\effects\Solid.cpp">
      <Filter>Source Files\Effects</Filter>
    </ClCompile>
    <ClCompile Include="..\..\..\src\timeline.ixx">
      <Filter>Source Files\Internal\Visuals</Filter>
    </ClCompile>
    <ClCompile Include="..\..\..\src\cycle.ixx">
      <Filter>Source Files\Internal\Visuals</Filter>
    </ClCompile>
    <ClCompile Include="..\..\..\src\renderables.ixx">
      <Filter>Source Files\Internal\Visuals</Filter>
    </ClCompile>
    <ClCompile Include="..\..\..\src\raudio.ixx">
      <Filter>Source Files\Internal\3rd party wrappers</Filter>
    </ClCompile>
    <ClCompile Include="..\..\..\src\effects\Wheel.cpp">
      <Filter>Source Files\Effects</Filter>
    </ClCompile>
    <ClCompile Include="..\..\..\src\effects\Tunel.cpp">
      <Filter>Source Files\Effects</Filter>
    </ClCompile>
  </ItemGroup>
</Project>