
Microsoft Visual Studio Solution File, Format Version 12.00
# Visual Studio Version 17
VisualStudioVersion = 17.4.33213.308
MinimumVisualStudioVersion = 10.0.40219.1
Project("{8BC9CEB8-8B4A-11D0-8D11-00A0C91BC942}") = "DemoScene2023", "DemoScene2023.vcxproj", "{810537F9-96B6-46E8-8578-50209A7287AF}"
	ProjectSection(ProjectDependencies) = postProject
		{6237BEDE-BAAA-4A06-9C5E-8089BAA14C8B} = {6237BEDE-BAAA-4A06-9C5E-8089BAA14C8B}
		{81CE8DAF-EBB2-4761-8E45-B71ABCCA8C68} = {81CE8DAF-EBB2-4761-8E45-B71ABCCA8C68}
	EndProjectSection
EndProject
Project("{8BC9CEB8-8B4A-11D0-8D11-00A0C91BC942}") = "raudio", "..\..\..\src\external\raudio\projects\VS2022\raudio_library.vcxproj", "{6237BEDE-BAAA-4A06-9C5E-8089BAA14C8B}"
EndProject
Project("{8BC9CEB8-8B4A-11D0-8D11-00A0C91BC942}") = "SDL2", "..\..\..\src\external\sdl\VisualC\SDL\SDL.vcxproj", "{81CE8DAF-EBB2-4761-8E45-B71ABCCA8C68}"
EndProject
Project("{2150E333-8FDC-42A3-9474-1A3956D46DE8}") = "External Dependencies", "External Dependencies", "{C6F32790-E5A0-46C5-B8AF-27B4FA677646}"
EndProject
Global
	GlobalSection(SolutionConfigurationPlatforms) = preSolution
		Debug.DLL|x64 = Debug.DLL|x64
		Debug.DLL|x86 = Debug.DLL|x86
		Debug|x64 = Debug|x64
		Debug|x86 = Debug|x86
		Release.DLL|x64 = Release.DLL|x64
		Release.DLL|x86 = Release.DLL|x86
		Release|x64 = Release|x64
		Release|x86 = Release|x86
	EndGlobalSection
	GlobalSection(ProjectConfigurationPlatforms) = postSolution
		{810537F9-96B6-46E8-8578-50209A7287AF}.Debug.DLL|x64.ActiveCfg = Debug|x64
		{810537F9-96B6-46E8-8578-50209A7287AF}.Debug.DLL|x64.Build.0 = Debug|x64
		{810537F9-96B6-46E8-8578-50209A7287AF}.Debug.DLL|x86.ActiveCfg = Debug|Win32
		{810537F9-96B6-46E8-8578-50209A7287AF}.Debug.DLL|x86.Build.0 = Debug|Win32
		{810537F9-96B6-46E8-8578-50209A7287AF}.Debug|x64.ActiveCfg = Debug|x64
		{810537F9-96B6-46E8-8578-50209A7287AF}.Debug|x64.Build.0 = Debug|x64
		{810537F9-96B6-46E8-8578-50209A7287AF}.Debug|x86.ActiveCfg = Debug|Win32
		{810537F9-96B6-46E8-8578-50209A7287AF}.Debug|x86.Build.0 = Debug|Win32
		{810537F9-96B6-46E8-8578-50209A7287AF}.Release.DLL|x64.ActiveCfg = Release|x64
		{810537F9-96B6-46E8-8578-50209A7287AF}.Release.DLL|x64.Build.0 = Release|x64
		{810537F9-96B6-46E8-8578-50209A7287AF}.Release.DLL|x86.ActiveCfg = Release|Win32
		{810537F9-96B6-46E8-8578-50209A7287AF}.Release.DLL|x86.Build.0 = Release|Win32
		{810537F9-96B6-46E8-8578-50209A7287AF}.Release|x64.ActiveCfg = Release|x64
		{810537F9-96B6-46E8-8578-50209A7287AF}.Release|x64.Build.0 = Release|x64
		{810537F9-96B6-46E8-8578-50209A7287AF}.Release|x86.ActiveCfg = Release|Win32
		{810537F9-96B6-46E8-8578-50209A7287AF}.Release|x86.Build.0 = Release|Win32
		{6237BEDE-BAAA-4A06-9C5E-8089BAA14C8B}.Debug.DLL|x64.ActiveCfg = Debug.DLL|x64
		{6237BEDE-BAAA-4A06-9C5E-8089BAA14C8B}.Debug.DLL|x64.Build.0 = Debug.DLL|x64
		{6237BEDE-BAAA-4A06-9C5E-8089BAA14C8B}.Debug.DLL|x86.ActiveCfg = Debug.DLL|Win32
		{6237BEDE-BAAA-4A06-9C5E-8089BAA14C8B}.Debug.DLL|x86.Build.0 = Debug.DLL|Win32
		{6237BEDE-BAAA-4A06-9C5E-8089BAA14C8B}.Debug|x64.ActiveCfg = Debug|x64
		{6237BEDE-BAAA-4A06-9C5E-8089BAA14C8B}.Debug|x64.Build.0 = Debug|x64
		{6237BEDE-BAAA-4A06-9C5E-8089BAA14C8B}.Debug|x86.ActiveCfg = Debug|Win32
		{6237BEDE-BAAA-4A06-9C5E-8089BAA14C8B}.Debug|x86.Build.0 = Debug|Win32
		{6237BEDE-BAAA-4A06-9C5E-8089BAA14C8B}.Release.DLL|x64.ActiveCfg = Release.DLL|x64
		{6237BEDE-BAAA-4A06-9C5E-8089BAA14C8B}.Release.DLL|x64.Build.0 = Release.DLL|x64
		{6237BEDE-BAAA-4A06-9C5E-8089BAA14C8B}.Release.DLL|x86.ActiveCfg = Release.DLL|Win32
		{6237BEDE-BAAA-4A06-9C5E-8089BAA14C8B}.Release.DLL|x86.Build.0 = Release.DLL|Win32
		{6237BEDE-BAAA-4A06-9C5E-8089BAA14C8B}.Release|x64.ActiveCfg = Release|x64
		{6237BEDE-BAAA-4A06-9C5E-8089BAA14C8B}.Release|x64.Build.0 = Release|x64
		{6237BEDE-BAAA-4A06-9C5E-8089BAA14C8B}.Release|x86.ActiveCfg = Release|Win32
		{6237BEDE-BAAA-4A06-9C5E-8089BAA14C8B}.Release|x86.Build.0 = Release|Win32
		{81CE8DAF-EBB2-4761-8E45-B71ABCCA8C68}.Debug.DLL|x64.ActiveCfg = Debug|x64
		{81CE8DAF-EBB2-4761-8E45-B71ABCCA8C68}.Debug.DLL|x64.Build.0 = Debug|x64
		{81CE8DAF-EBB2-4761-8E45-B71ABCCA8C68}.Debug.DLL|x86.ActiveCfg = Debug|Win32
		{81CE8DAF-EBB2-4761-8E45-B71ABCCA8C68}.Debug.DLL|x86.Build.0 = Debug|Win32
		{81CE8DAF-EBB2-4761-8E45-B71ABCCA8C68}.Debug|x64.ActiveCfg = Debug|x64
		{81CE8DAF-EBB2-4761-8E45-B71ABCCA8C68}.Debug|x64.Build.0 = Debug|x64
		{81CE8DAF-EBB2-4761-8E45-B71ABCCA8C68}.Debug|x86.ActiveCfg = Debug|Win32
		{81CE8DAF-EBB2-4761-8E45-B71ABCCA8C68}.Debug|x86.Build.0 = Debug|Win32
		{81CE8DAF-EBB2-4761-8E45-B71ABCCA8C68}.Release.DLL|x64.ActiveCfg = Release|x64
		{81CE8DAF-EBB2-4761-8E45-B71ABCCA8C68}.Release.DLL|x64.Build.0 = Release|x64
		{81CE8DAF-EBB2-4761-8E45-B71ABCCA8C68}.Release.DLL|x86.ActiveCfg = Release|Win32
		{81CE8DAF-EBB2-4761-8E45-B71ABCCA8C68}.Release.DLL|x86.Build.0 = Release|Win32
		{81CE8DAF-EBB2-4761-8E45-B71ABCCA8C68}.Release|x64.ActiveCfg = Release|x64
		{81CE8DAF-EBB2-4761-8E45-B71ABCCA8C68}.Release|x64.Build.0 = Release|x64
		{81CE8DAF-EBB2-4761-8E45-B71ABCCA8C68}.Release|x86.ActiveCfg = Release|Win32
		{81CE8DAF-EBB2-4761-8E45-B71ABCCA8C68}.Release|x86.Build.0 = Release|Win32
	EndGlobalSection
	GlobalSection(SolutionProperties) = preSolution
		HideSolutionNode = FALSE
	EndGlobalSection
	GlobalSection(NestedProjects) = preSolution
		{6237BEDE-BAAA-4A06-9C5E-8089BAA14C8B} = {C6F32790-E5A0-46C5-B8AF-27B4FA677646}
		{81CE8DAF-EBB2-4761-8E45-B71ABCCA8C68} = {C6F32790-E5A0-46C5-B8AF-27B4FA677646}
	EndGlobalSection
	GlobalSection(ExtensibilityGlobals) = postSolution
		SolutionGuid = {E49DF378-ADEB-4F91-9239-3816BA6D9F97}
	EndGlobalSection
EndGlobal
